
Microsoft Visual Studio Solution File, Format Version 12.00
Project("{FAE04EC0-301F-11D3-BF4B-00C04F79EFBC}") = "TeamWork", "TeamWork\TeamWork.csproj", "{B2484BF2-3164-48DC-AD88-E3F178BE95EB}"
EndProject
Project("{FAE04EC0-301F-11D3-BF4B-00C04F79EFBC}") = "TeamWork.App", "TeamWork.App\TeamWork.App.csproj", "{FE328C83-8933-4AED-B554-95BDB2BDA83A}"
EndProject
Project("{FAE04EC0-301F-11D3-BF4B-00C04F79EFBC}") = "TeamWork.Domain", "TeamWork.Domain\TeamWork.Domain.csproj", "{763BFE9C-E862-43C4-94A1-47AAD65E6247}"
EndProject
Global
	GlobalSection(SolutionConfigurationPlatforms) = preSolution
		Debug|Any CPU = Debug|Any CPU
		Release|Any CPU = Release|Any CPU
	EndGlobalSection
	GlobalSection(ProjectConfigurationPlatforms) = postSolution
		{B2484BF2-3164-48DC-AD88-E3F178BE95EB}.Debug|Any CPU.ActiveCfg = Debug|Any CPU
		{B2484BF2-3164-48DC-AD88-E3F178BE95EB}.Debug|Any CPU.Build.0 = Debug|Any CPU
		{B2484BF2-3164-48DC-AD88-E3F178BE95EB}.Release|Any CPU.ActiveCfg = Release|Any CPU
		{B2484BF2-3164-48DC-AD88-E3F178BE95EB}.Release|Any CPU.Build.0 = Release|Any CPU
		{FE328C83-8933-4AED-B554-95BDB2BDA83A}.Debug|Any CPU.ActiveCfg = Debug|Any CPU
		{FE328C83-8933-4AED-B554-95BDB2BDA83A}.Debug|Any CPU.Build.0 = Debug|Any CPU
		{FE328C83-8933-4AED-B554-95BDB2BDA83A}.Release|Any CPU.ActiveCfg = Release|Any CPU
		{FE328C83-8933-4AED-B554-95BDB2BDA83A}.Release|Any CPU.Build.0 = Release|Any CPU
		{763BFE9C-E862-43C4-94A1-47AAD65E6247}.Debug|Any CPU.ActiveCfg = Debug|Any CPU
		{763BFE9C-E862-43C4-94A1-47AAD65E6247}.Debug|Any CPU.Build.0 = Debug|Any CPU
		{763BFE9C-E862-43C4-94A1-47AAD65E6247}.Release|Any CPU.ActiveCfg = Release|Any CPU
		{763BFE9C-E862-43C4-94A1-47AAD65E6247}.Release|Any CPU.Build.0 = Release|Any CPU
	EndGlobalSection
EndGlobal
